{
  "name": "validateWorkspace",
  "lockfileVersion": 2,
  "requires": true,
  "packages": {
    "": {
      "dependencies": {
        "pareto-async-api": "^0.1.0",
        "pareto-async-lib": "^0.2.1",
        "pareto-filesystem-lib": "^0.11.0"
      },
      "devDependencies": {
        "@types/node": "^18.0.0"
      }
    },
    "node_modules/@types/node": {
      "version": "18.0.0",
      "resolved": "https://registry.npmjs.org/@types/node/-/node-18.0.0.tgz",
      "integrity": "sha512-cHlGmko4gWLVI27cGJntjs/Sj8th9aYwplmZFwmmgYQQvL5NUsgVJG7OddLvNfLqYS31KFN0s3qlaD9qCaxACA==",
      "dev": true
    },
    "node_modules/pareto-async-api": {
      "version": "0.1.0",
      "resolved": "https://registry.npmjs.org/pareto-async-api/-/pareto-async-api-0.1.0.tgz",
      "integrity": "sha512-acPV45obQiboGYYQn3cKRrqodRSFMhNn1OA/LLEGMY7aKhYB7M7dOxK/Hsnn0U351aeRc9ZXEKULifs5/uJnJQ=="
    },
    "node_modules/pareto-async-lib": {
      "version": "0.2.1",
      "resolved": "https://registry.npmjs.org/pareto-async-lib/-/pareto-async-lib-0.2.1.tgz",
      "integrity": "sha512-F5EESWmpSz+dCY/U7vr6KFvDv9td3I6AazHCSW1IBYVOkUjg49usKAikawtCUEPYG+GpdqxF2VPi05Gp7b4Zag==",
      "dependencies": {
        "pareto-async-api": "^0.1.0",
        "pareto-lang-lib": "^0.7.0",
        "pareto-runtime": "^0.23.0"
      }
    },
    "node_modules/pareto-filesystem-lib": {
      "version": "0.11.0",
      "resolved": "https://registry.npmjs.org/pareto-filesystem-lib/-/pareto-filesystem-lib-0.11.0.tgz",
      "integrity": "sha512-fnVTDgynpPq1n0JI+EdvATuFeBk3P0Ltc3UoA6lpZEta041Dm3lvGtG3WW0sWC1clYDEfp6On0hdJQWyr51+Gg==",
      "dependencies": {
        "pareto-async-api": "^0.1.0",
        "pareto-async-lib": "^0.2.1",
        "pareto-lang-lib": "^0.7.0",
        "pareto-runtime": "^0.23.0"
      }
    },
    "node_modules/pareto-lang-api": {
      "version": "0.5.1",
      "resolved": "https://registry.npmjs.org/pareto-lang-api/-/pareto-lang-api-0.5.1.tgz",
      "integrity": "sha512-rJ1Gm9sdQ4vjOzmmINVUHxtFTQy5kQaEuw3k0wH4oJgwccVcw7VwHqHlIK1i/ocB9LRCRm1DgRu7K7td0W37fw=="
    },
    "node_modules/pareto-lang-lib": {
      "version": "0.7.0",
      "resolved": "https://registry.npmjs.org/pareto-lang-lib/-/pareto-lang-lib-0.7.0.tgz",
      "integrity": "sha512-SobORsQLqGZ4nL7hQwHgv7V3zKjZGij1CKrwASKKJl7KkMLx9054T/aRLktt8JjiNP2fQWPvggZQN7YOa5a0lQ==",
      "dependencies": {
        "pareto-lang-api": "^0.5.0"
      }
    },
    "node_modules/pareto-runtime": {
      "version": "0.23.0",
      "resolved": "https://registry.npmjs.org/pareto-runtime/-/pareto-runtime-0.23.0.tgz",
      "integrity": "sha512-Vwv2hx5HhzKzy9kFBEc8D0hoVhsIT20LE1azCYKVnLhUA6NqDP6HvqdzWBxx1RgeedG9CDzb3wgBlCS1GMq5gw=="
    }
  },
  "dependencies": {
    "@types/node": {
      "version": "18.0.0",
      "resolved": "https://registry.npmjs.org/@types/node/-/node-18.0.0.tgz",
      "integrity": "sha512-cHlGmko4gWLVI27cGJntjs/Sj8th9aYwplmZFwmmgYQQvL5NUsgVJG7OddLvNfLqYS31KFN0s3qlaD9qCaxACA==",
      "dev": true
    },
    "pareto-async-api": {
      "version": "0.1.0",
      "resolved": "https://registry.npmjs.org/pareto-async-api/-/pareto-async-api-0.1.0.tgz",
      "integrity": "sha512-acPV45obQiboGYYQn3cKRrqodRSFMhNn1OA/LLEGMY7aKhYB7M7dOxK/Hsnn0U351aeRc9ZXEKULifs5/uJnJQ=="
    },
    "pareto-async-lib": {
      "version": "0.2.1",
      "resolved": "https://registry.npmjs.org/pareto-async-lib/-/pareto-async-lib-0.2.1.tgz",
      "integrity": "sha512-F5EESWmpSz+dCY/U7vr6KFvDv9td3I6AazHCSW1IBYVOkUjg49usKAikawtCUEPYG+GpdqxF2VPi05Gp7b4Zag==",
      "requires": {
        "pareto-async-api": "^0.1.0",
        "pareto-lang-lib": "^0.7.0",
        "pareto-runtime": "^0.23.0"
      }
    },
    "pareto-filesystem-lib": {
      "version": "0.11.0",
      "resolved": "https://registry.npmjs.org/pareto-filesystem-lib/-/pareto-filesystem-lib-0.11.0.tgz",
      "integrity": "sha512-fnVTDgynpPq1n0JI+EdvATuFeBk3P0Ltc3UoA6lpZEta041Dm3lvGtG3WW0sWC1clYDEfp6On0hdJQWyr51+Gg==",
      "requires": {
        "pareto-async-api": "^0.1.0",
        "pareto-async-lib": "^0.2.1",
        "pareto-lang-lib": "^0.7.0",
        "pareto-runtime": "^0.23.0"
      }
    },
    "pareto-lang-api": {
      "version": "0.5.1",
      "resolved": "https://registry.npmjs.org/pareto-lang-api/-/pareto-lang-api-0.5.1.tgz",
      "integrity": "sha512-rJ1Gm9sdQ4vjOzmmINVUHxtFTQy5kQaEuw3k0wH4oJgwccVcw7VwHqHlIK1i/ocB9LRCRm1DgRu7K7td0W37fw=="
    },
    "pareto-lang-lib": {
      "version": "0.7.0",
      "resolved": "https://registry.npmjs.org/pareto-lang-lib/-/pareto-lang-lib-0.7.0.tgz",
      "integrity": "sha512-SobORsQLqGZ4nL7hQwHgv7V3zKjZGij1CKrwASKKJl7KkMLx9054T/aRLktt8JjiNP2fQWPvggZQN7YOa5a0lQ==",
      "requires": {
        "pareto-lang-api": "^0.5.0"
      }
    },
    "pareto-runtime": {
      "version": "0.23.0",
      "resolved": "https://registry.npmjs.org/pareto-runtime/-/pareto-runtime-0.23.0.tgz",
      "integrity": "sha512-Vwv2hx5HhzKzy9kFBEc8D0hoVhsIT20LE1azCYKVnLhUA6NqDP6HvqdzWBxx1RgeedG9CDzb3wgBlCS1GMq5gw=="
    }
  }
}
