{
  "name": "validateWorkspace",
  "lockfileVersion": 2,
  "requires": true,
  "packages": {
    "": {
      "dependencies": {
        "pareto-async-api": "^0.1.0",
        "pareto-async-lib": "^0.4.0",
        "pareto-filesystem-lib": "^0.12.0",
        "pareto-https-lib": "^0.3.0",
        "pareto-process-lib": "^0.1.0"
      },
      "devDependencies": {
        "@types/node": "^18.0.0"
      }
    },
    "node_modules/@types/node": {
      "version": "18.0.0",
      "resolved": "https://registry.npmjs.org/@types/node/-/node-18.0.0.tgz",
      "integrity": "sha512-cHlGmko4gWLVI27cGJntjs/Sj8th9aYwplmZFwmmgYQQvL5NUsgVJG7OddLvNfLqYS31KFN0s3qlaD9qCaxACA==",
      "dev": true
    },
    "node_modules/pareto-async-api": {
      "version": "0.1.0",
      "resolved": "https://registry.npmjs.org/pareto-async-api/-/pareto-async-api-0.1.0.tgz",
      "integrity": "sha512-acPV45obQiboGYYQn3cKRrqodRSFMhNn1OA/LLEGMY7aKhYB7M7dOxK/Hsnn0U351aeRc9ZXEKULifs5/uJnJQ=="
    },
    "node_modules/pareto-async-lib": {
      "version": "0.4.0",
      "resolved": "https://registry.npmjs.org/pareto-async-lib/-/pareto-async-lib-0.4.0.tgz",
      "integrity": "sha512-v47D7xqPC/CNjASfX7lFbyDJTbSLv2Wfn1mcNXRS0mEGu0cpeLRFS8BkmzrBsNt4l8WJ+T8RS5BfZGyRvWuJTA==",
      "dependencies": {
        "pareto-async-api": "^0.1.0",
        "pareto-lang-lib": "^0.7.0",
        "pareto-runtime": "^0.23.0"
      }
    },
    "node_modules/pareto-filesystem-lib": {
      "version": "0.12.0",
      "resolved": "https://registry.npmjs.org/pareto-filesystem-lib/-/pareto-filesystem-lib-0.12.0.tgz",
      "integrity": "sha512-cng7K20BUz+A7OuqMFB/FgabAx1QR41TdlC+Nsfsatzh5JK8ef0O7BRiIXz9GpHNMEfCYnbeDYosJPVf6cUz0w==",
      "dependencies": {
        "pareto-async-api": "^0.1.0",
        "pareto-async-lib": "^0.4.0",
        "pareto-lang-lib": "^0.7.0",
        "pareto-runtime": "^0.23.0"
      }
    },
    "node_modules/pareto-https-lib": {
      "version": "0.3.0",
      "resolved": "https://registry.npmjs.org/pareto-https-lib/-/pareto-https-lib-0.3.0.tgz",
      "integrity": "sha512-E+chsACLw1HSxyA8/vYd/SP0WdLOMHtVynhM4rMoz50mdBknrOwXYwKa8swLoiGvurevrRlkbLH5dCzEPWtWVA==",
      "dependencies": {
        "pareto-async-api": "^0.1.0",
        "pareto-lang-lib": "^0.7.0"
      }
    },
    "node_modules/pareto-lang-api": {
      "version": "0.5.1",
      "resolved": "https://registry.npmjs.org/pareto-lang-api/-/pareto-lang-api-0.5.1.tgz",
      "integrity": "sha512-rJ1Gm9sdQ4vjOzmmINVUHxtFTQy5kQaEuw3k0wH4oJgwccVcw7VwHqHlIK1i/ocB9LRCRm1DgRu7K7td0W37fw=="
    },
    "node_modules/pareto-lang-lib": {
      "version": "0.7.0",
      "resolved": "https://registry.npmjs.org/pareto-lang-lib/-/pareto-lang-lib-0.7.0.tgz",
      "integrity": "sha512-SobORsQLqGZ4nL7hQwHgv7V3zKjZGij1CKrwASKKJl7KkMLx9054T/aRLktt8JjiNP2fQWPvggZQN7YOa5a0lQ==",
      "dependencies": {
        "pareto-lang-api": "^0.5.0"
      }
    },
    "node_modules/pareto-process-lib": {
      "version": "0.1.0",
      "resolved": "https://registry.npmjs.org/pareto-process-lib/-/pareto-process-lib-0.1.0.tgz",
      "integrity": "sha512-vn8qAQXNWNJRyP7UeoA2ffnoJQhNAfffxOKgR79UAF7anqhFIYqcoLbCkd5YU0xAnTsJfBByDCTqMyjAi/6AXw==",
      "dependencies": {
        "pareto-async-api": "^0.1.0",
        "pareto-lang-lib": "^0.7.0"
      }
    },
    "node_modules/pareto-runtime": {
      "version": "0.23.0",
      "resolved": "https://registry.npmjs.org/pareto-runtime/-/pareto-runtime-0.23.0.tgz",
      "integrity": "sha512-Vwv2hx5HhzKzy9kFBEc8D0hoVhsIT20LE1azCYKVnLhUA6NqDP6HvqdzWBxx1RgeedG9CDzb3wgBlCS1GMq5gw=="
    }
  },
  "dependencies": {
    "@types/node": {
      "version": "18.0.0",
      "resolved": "https://registry.npmjs.org/@types/node/-/node-18.0.0.tgz",
      "integrity": "sha512-cHlGmko4gWLVI27cGJntjs/Sj8th9aYwplmZFwmmgYQQvL5NUsgVJG7OddLvNfLqYS31KFN0s3qlaD9qCaxACA==",
      "dev": true
    },
    "pareto-async-api": {
      "version": "0.1.0",
      "resolved": "https://registry.npmjs.org/pareto-async-api/-/pareto-async-api-0.1.0.tgz",
      "integrity": "sha512-acPV45obQiboGYYQn3cKRrqodRSFMhNn1OA/LLEGMY7aKhYB7M7dOxK/Hsnn0U351aeRc9ZXEKULifs5/uJnJQ=="
    },
    "pareto-async-lib": {
      "version": "0.4.0",
      "resolved": "https://registry.npmjs.org/pareto-async-lib/-/pareto-async-lib-0.4.0.tgz",
      "integrity": "sha512-v47D7xqPC/CNjASfX7lFbyDJTbSLv2Wfn1mcNXRS0mEGu0cpeLRFS8BkmzrBsNt4l8WJ+T8RS5BfZGyRvWuJTA==",
      "requires": {
        "pareto-async-api": "^0.1.0",
        "pareto-lang-lib": "^0.7.0",
        "pareto-runtime": "^0.23.0"
      }
    },
    "pareto-filesystem-lib": {
      "version": "0.12.0",
      "resolved": "https://registry.npmjs.org/pareto-filesystem-lib/-/pareto-filesystem-lib-0.12.0.tgz",
      "integrity": "sha512-cng7K20BUz+A7OuqMFB/FgabAx1QR41TdlC+Nsfsatzh5JK8ef0O7BRiIXz9GpHNMEfCYnbeDYosJPVf6cUz0w==",
      "requires": {
        "pareto-async-api": "^0.1.0",
        "pareto-async-lib": "^0.4.0",
        "pareto-lang-lib": "^0.7.0",
        "pareto-runtime": "^0.23.0"
      }
    },
    "pareto-https-lib": {
      "version": "0.3.0",
      "resolved": "https://registry.npmjs.org/pareto-https-lib/-/pareto-https-lib-0.3.0.tgz",
      "integrity": "sha512-E+chsACLw1HSxyA8/vYd/SP0WdLOMHtVynhM4rMoz50mdBknrOwXYwKa8swLoiGvurevrRlkbLH5dCzEPWtWVA==",
      "requires": {
        "pareto-async-api": "^0.1.0",
        "pareto-lang-lib": "^0.7.0"
      }
    },
    "pareto-lang-api": {
      "version": "0.5.1",
      "resolved": "https://registry.npmjs.org/pareto-lang-api/-/pareto-lang-api-0.5.1.tgz",
      "integrity": "sha512-rJ1Gm9sdQ4vjOzmmINVUHxtFTQy5kQaEuw3k0wH4oJgwccVcw7VwHqHlIK1i/ocB9LRCRm1DgRu7K7td0W37fw=="
    },
    "pareto-lang-lib": {
      "version": "0.7.0",
      "resolved": "https://registry.npmjs.org/pareto-lang-lib/-/pareto-lang-lib-0.7.0.tgz",
      "integrity": "sha512-SobORsQLqGZ4nL7hQwHgv7V3zKjZGij1CKrwASKKJl7KkMLx9054T/aRLktt8JjiNP2fQWPvggZQN7YOa5a0lQ==",
      "requires": {
        "pareto-lang-api": "^0.5.0"
      }
    },
    "pareto-process-lib": {
      "version": "0.1.0",
      "resolved": "https://registry.npmjs.org/pareto-process-lib/-/pareto-process-lib-0.1.0.tgz",
      "integrity": "sha512-vn8qAQXNWNJRyP7UeoA2ffnoJQhNAfffxOKgR79UAF7anqhFIYqcoLbCkd5YU0xAnTsJfBByDCTqMyjAi/6AXw==",
      "requires": {
        "pareto-async-api": "^0.1.0",
        "pareto-lang-lib": "^0.7.0"
      }
    },
    "pareto-runtime": {
      "version": "0.23.0",
      "resolved": "https://registry.npmjs.org/pareto-runtime/-/pareto-runtime-0.23.0.tgz",
      "integrity": "sha512-Vwv2hx5HhzKzy9kFBEc8D0hoVhsIT20LE1azCYKVnLhUA6NqDP6HvqdzWBxx1RgeedG9CDzb3wgBlCS1GMq5gw=="
    }
  }
}
