{
  "name": "pareto-validate-workspace-api",
  "version": "0.3.2",
  "lockfileVersion": 2,
  "requires": true,
  "packages": {
    "": {
      "name": "pareto-validate-workspace-api",
      "version": "0.3.2",
      "license": "ISC",
      "dependencies": {
        "pareto-async-api": "^0.4.0"
      }
    },
    "node_modules/pareto-async-api": {
      "version": "0.4.0",
      "resolved": "https://registry.npmjs.org/pareto-async-api/-/pareto-async-api-0.4.0.tgz",
      "integrity": "sha512-9aT16RXITi7CZYwsFq+srHHZwEDuU7Glbyl1aJa4KpawAB6sRSZB4S8PJwbFGmFs1sQdb00OzHw7om9yHZtfmA=="
    }
  },
  "dependencies": {
    "pareto-async-api": {
      "version": "0.4.0",
      "resolved": "https://registry.npmjs.org/pareto-async-api/-/pareto-async-api-0.4.0.tgz",
      "integrity": "sha512-9aT16RXITi7CZYwsFq+srHHZwEDuU7Glbyl1aJa4KpawAB6sRSZB4S8PJwbFGmFs1sQdb00OzHw7om9yHZtfmA=="
    }
  }
}
