{
  "name": "pareto-validate-workspace-api",
  "version": "0.3.2",
  "lockfileVersion": 2,
  "requires": true,
  "packages": {
    "": {
      "name": "pareto-validate-workspace-api",
      "version": "0.3.2",
      "license": "ISC",
      "dependencies": {
        "pareto-async-api": "^0.6.0"
      }
    },
    "node_modules/pareto-async-api": {
      "version": "0.6.0",
      "resolved": "https://registry.npmjs.org/pareto-async-api/-/pareto-async-api-0.6.0.tgz",
      "integrity": "sha512-1kyy1dsEBUFVK5o8sb4LsxaXXc12UtQ0yRnisa3n62dUFNYp4mY5e+IQSlTyKFRHlTkpsEhR5w06hpSrYEMzSQ==",
      "dependencies": {
        "pareto-lang-api": "^0.6.0"
      }
    },
    "node_modules/pareto-lang-api": {
      "version": "0.6.0",
      "resolved": "https://registry.npmjs.org/pareto-lang-api/-/pareto-lang-api-0.6.0.tgz",
      "integrity": "sha512-rKtnWp5DHlwPHLCnBHMIW5Bhx+enwNGroiaWJnca0Mtybf9zWVaOA3zjA14eDEDEyOiLJbG/6FO8YXwp7MlwTw=="
    }
  },
  "dependencies": {
    "pareto-async-api": {
      "version": "0.6.0",
      "resolved": "https://registry.npmjs.org/pareto-async-api/-/pareto-async-api-0.6.0.tgz",
      "integrity": "sha512-1kyy1dsEBUFVK5o8sb4LsxaXXc12UtQ0yRnisa3n62dUFNYp4mY5e+IQSlTyKFRHlTkpsEhR5w06hpSrYEMzSQ==",
      "requires": {
        "pareto-lang-api": "^0.6.0"
      }
    },
    "pareto-lang-api": {
      "version": "0.6.0",
      "resolved": "https://registry.npmjs.org/pareto-lang-api/-/pareto-lang-api-0.6.0.tgz",
      "integrity": "sha512-rKtnWp5DHlwPHLCnBHMIW5Bhx+enwNGroiaWJnca0Mtybf9zWVaOA3zjA14eDEDEyOiLJbG/6FO8YXwp7MlwTw=="
    }
  }
}
